{
  "version": "5",
  "specifiers": {
    "jsr:@cliffy/command@1.0.0-rc.4": "1.0.0-rc.4",
    "jsr:@cliffy/flags@1.0.0-rc.4": "1.0.0-rc.4",
    "jsr:@cliffy/table@1.0.0-rc.4": "1.0.0-rc.4",
    "jsr:@hono/hono@*": "4.11.5",
    "jsr:@nfnitloop/deno-embedder@*": "1.6.1",
    "jsr:@std/assert@0.196": "0.196.0",
    "jsr:@std/assert@0.221": "0.221.0",
    "jsr:@std/assert@0.225": "0.225.3",
    "jsr:@std/async@0.196.0": "0.196.0",
    "jsr:@std/cli@*": "1.0.26",
    "jsr:@std/console@0.221": "0.221.0",
    "jsr:@std/encoding@0.224.0": "0.224.0",
    "jsr:@std/fmt@0.221": "0.221.0",
    "jsr:@std/fs@0.229.0": "0.229.0",
    "jsr:@std/path@0.225": "0.225.0",
    "jsr:@std/path@0.225.0": "0.225.0",
    "jsr:@std/text@0.221": "0.221.0",
    "npm:@types/node@*": "22.15.14",
    "npm:@types/react@*": "19.2.9",
    "npm:esbuild@0.22.0": "0.22.0",
    "npm:react@*": "19.2.3",
    "npm:zod@3.23.4": "3.23.4"
  },
  "jsr": {
    "@cliffy/command@1.0.0-rc.4": {
      "integrity": "709884ffe0f53ce3edafa92b58223634397878fbf6dcabe0c74ea0108273b9f7",
      "dependencies": [
        "jsr:@cliffy/flags",
        "jsr:@cliffy/table",
        "jsr:@std/fmt",
        "jsr:@std/text"
      ]
    },
    "@cliffy/flags@1.0.0-rc.4": {
      "integrity": "29f370ade4ddf6e150a4d25fc44661234c19870ffcf7fb07cd100f1843fcd6e1",
      "dependencies": [
        "jsr:@std/text"
      ]
    },
    "@cliffy/table@1.0.0-rc.4": {
      "integrity": "990e4e0b3910e6c9cf7a5b4318b8f5e121cf681494c94fd113febb9b4d4c0741",
      "dependencies": [
        "jsr:@std/console",
        "jsr:@std/fmt"
      ]
    },
    "@hono/hono@4.11.5": {
      "integrity": "920281ccab7fd57d460ecf49df82ef9ed8cbf1249e55cc9f5d8e3f65c5f7bdfb"
    },
    "@nfnitloop/deno-embedder@1.6.1": {
      "integrity": "55ac71cff3c82bf39cb27437a4ca532462731a17657faff592c16d44487f7dab",
      "dependencies": [
        "jsr:@cliffy/command",
        "jsr:@std/async",
        "jsr:@std/encoding",
        "jsr:@std/fs",
        "jsr:@std/path@0.225.0"
      ]
    },
    "@std/assert@0.196.0": {
      "integrity": "ede8c09c2bb176dc9356c04d2548412e492a58dcf73aad0965695a4d8336f66b"
    },
    "@std/assert@0.221.0": {
      "integrity": "a5f1aa6e7909dbea271754fd4ab3f4e687aeff4873b4cef9a320af813adb489a"
    },
    "@std/assert@0.225.3": {
      "integrity": "b3c2847aecf6955b50644cdb9cf072004ea3d1998dd7579fc0acb99dbb23bd4f"
    },
    "@std/async@0.196.0": {
      "integrity": "bd572776dfdf94bcbe00ceea1263e06f0c0060ff258f8a5cf644c5b43992755a",
      "dependencies": [
        "jsr:@std/assert@0.196"
      ]
    },
    "@std/cli@1.0.26": {
      "integrity": "53679a2b041406f15c3ff193986852595f3d11ba7b9d4b0c71a42589662e8fb5"
    },
    "@std/console@0.221.0": {
      "integrity": "8f2afc1f3f14f5d6039c0c767f057e4aa1897d2210e167c4667cb155cafb9d11",
      "dependencies": [
        "jsr:@std/assert@0.221"
      ]
    },
    "@std/encoding@0.224.0": {
      "integrity": "efb6dca97d3e9c31392bd5c8cfd9f9fc9decf5a1f4d1f78af7900a493bcf89b5"
    },
    "@std/fmt@0.221.0": {
      "integrity": "379fed69bdd9731110f26b9085aeb740606b20428ce6af31ef6bd45ef8efa62a"
    },
    "@std/fs@0.229.0": {
      "integrity": "c353340334dd25b879c4e6e72371b2664da2bd41b633b5837c7249c04d90903d",
      "dependencies": [
        "jsr:@std/assert@0.225",
        "jsr:@std/path@0.225"
      ]
    },
    "@std/path@0.225.0": {
      "integrity": "044ed8d9ca76fa997ff1d30d48fc7756b4389bf6ce1ff9710633a2d174343bb3",
      "dependencies": [
        "jsr:@std/assert@0.225"
      ]
    },
    "@std/text@0.221.0": {
      "integrity": "a2f89ceb0d8851cd33e6774064621a1da9fbc36578cf4f02c5b5bcd7e8c84b67",
      "dependencies": [
        "jsr:@std/assert@0.221"
      ]
    }
  },
  "npm": {
    "@esbuild/aix-ppc64@0.22.0": {
      "integrity": "sha512-uvQR2crZ/zgzSHDvdygHyNI+ze9zwS8mqz0YtGXotSqvEE0UkYE9s+FZKQNTt1VtT719mfP3vHrUdCpxBNQZhQ==",
      "os": ["aix"],
      "cpu": ["ppc64"]
    },
    "@esbuild/android-arm64@0.22.0": {
      "integrity": "sha512-UKhPb3o2gAB/bfXcl58ZXTn1q2oVu1rEu/bKrCtmm+Nj5MKUbrOwR5WAixE2v+lk0amWuwPvhnPpBRLIGiq7ig==",
      "os": ["android"],
      "cpu": ["arm64"]
    },
    "@esbuild/android-arm@0.22.0": {
      "integrity": "sha512-PBnyP+r8vJE4ifxsWys9l+Mc2UY/yYZOpX82eoyGISXXb3dRr0M21v+s4fgRKWMFPMSf/iyowqPW/u7ScSUkjQ==",
      "os": ["android"],
      "cpu": ["arm"]
    },
    "@esbuild/android-x64@0.22.0": {
      "integrity": "sha512-IjTYtvIrjhR41Ijy2dDPgYjQHWG/x/A4KXYbs1fiU3efpRdoxMChK3oEZV6GPzVEzJqxFgcuBaiX1kwEvWUxSw==",
      "os": ["android"],
      "cpu": ["x64"]
    },
    "@esbuild/darwin-arm64@0.22.0": {
      "integrity": "sha512-mqt+Go4y9wRvEz81bhKd9RpHsQR1LwU8Xm6jZRUV/xpM7cIQFbFH6wBCLPTNsdELBvfoHeumud7X78jQQJv2TA==",
      "os": ["darwin"],
      "cpu": ["arm64"]
    },
    "@esbuild/darwin-x64@0.22.0": {
      "integrity": "sha512-vTaTQ9OgYc3VTaWtOE5pSuDT6H3d/qSRFRfSBbnxFfzAvYoB3pqKXA0LEbi/oT8GUOEAutspfRMqPj2ezdFaMw==",
      "os": ["darwin"],
      "cpu": ["x64"]
    },
    "@esbuild/freebsd-arm64@0.22.0": {
      "integrity": "sha512-0e1ZgoobJzaGnR4reD7I9rYZ7ttqdh1KPvJWnquUoDJhL0rYwdneeLailBzd2/4g/U5p4e5TIHEWa68NF2hFpQ==",
      "os": ["freebsd"],
      "cpu": ["arm64"]
    },
    "@esbuild/freebsd-x64@0.22.0": {
      "integrity": "sha512-BFgyYwlCwRWyPQJtkzqq2p6pJbiiWgp0P9PNf7a5FQ1itKY4czPuOMAlFVItirSmEpRPCeImuwePNScZS0pL5Q==",
      "os": ["freebsd"],
      "cpu": ["x64"]
    },
    "@esbuild/linux-arm64@0.22.0": {
      "integrity": "sha512-V/K2rctCUgC0PCXpN7AqT4hoazXKgIYugFGu/myk2+pfe6jTW2guz/TBwq4cZ7ESqusR/IzkcQaBkcjquuBWsw==",
      "os": ["linux"],
      "cpu": ["arm64"]
    },
    "@esbuild/linux-arm@0.22.0": {
      "integrity": "sha512-KEMWiA9aGuPUD4BH5yjlhElLgaRXe+Eri6gKBoDazoPBTo1BXc/e6IW5FcJO9DoL19FBeCxgONyh95hLDNepIg==",
      "os": ["linux"],
      "cpu": ["arm"]
    },
    "@esbuild/linux-ia32@0.22.0": {
      "integrity": "sha512-r2ZZqkOMOrpUhzNwxI7uLAHIDwkfeqmTnrv1cjpL/rjllPWszgqmprd/om9oviKXUBpMqHbXmppvjAYgISb26Q==",
      "os": ["linux"],
      "cpu": ["ia32"]
    },
    "@esbuild/linux-loong64@0.22.0": {
      "integrity": "sha512-qaowLrV/YOMAL2RfKQ4C/VaDzAuLDuylM2sd/LH+4OFirMl6CuDpRlCq4u49ZBaVV8pkI/Y+hTdiibvQRhojCA==",
      "os": ["linux"],
      "cpu": ["loong64"]
    },
    "@esbuild/linux-mips64el@0.22.0": {
      "integrity": "sha512-hgrezzjQTRxjkQ5k08J6rtZN5PNnkWx/Rz6Kmj9gnsdCAX1I4Dn4ZPqvFRkXo55Q3pnVQJBwbdtrTO7tMGtyVA==",
      "os": ["linux"],
      "cpu": ["mips64el"]
    },
    "@esbuild/linux-ppc64@0.22.0": {
      "integrity": "sha512-ewxg6FLLUio883XgSjfULEmDl3VPv/TYNnRprVAS3QeGFLdCYdx1tIudBcd7n9jIdk82v1Ajov4jx87qW7h9+g==",
      "os": ["linux"],
      "cpu": ["ppc64"]
    },
    "@esbuild/linux-riscv64@0.22.0": {
      "integrity": "sha512-Az5XbgSJC2lE8XK8pdcutsf9RgdafWdTpUK/+6uaDdfkviw/B4JCwAfh1qVeRWwOohwdsl4ywZrWBNWxwrPLFg==",
      "os": ["linux"],
      "cpu": ["riscv64"]
    },
    "@esbuild/linux-s390x@0.22.0": {
      "integrity": "sha512-8j4a2ChT9+V34NNNY9c/gMldutaJFmfMacTPq4KfNKwv2fitBCLYjee7c+Vxaha2nUhPK7cXcZpJtJ3+Y7ZdVQ==",
      "os": ["linux"],
      "cpu": ["s390x"]
    },
    "@esbuild/linux-x64@0.22.0": {
      "integrity": "sha512-JUQyOnpbAkkRFOk/AhsEemz5TfWN4FJZxVObUlnlNCbe7QBl61ZNfM4cwBXayQA6laMJMUcqLHaYQHAB6YQ95Q==",
      "os": ["linux"],
      "cpu": ["x64"]
    },
    "@esbuild/netbsd-x64@0.22.0": {
      "integrity": "sha512-11PoCoHXo4HFNbLsXuMB6bpMPWGDiw7xETji6COdJss4SQZLvcgNoeSqWtATRm10Jj1uEHiaIk4N0PiN6x4Fcg==",
      "os": ["netbsd"],
      "cpu": ["x64"]
    },
    "@esbuild/openbsd-arm64@0.22.0": {
      "integrity": "sha512-Ezlhu/YyITmXwKSB+Zu/QqD7cxrjrpiw85cc0Rbd3AWr2wsgp+dWbWOE8MqHaLW9NKMZvuL0DhbJbvzR7F6Zvg==",
      "os": ["openbsd"],
      "cpu": ["arm64"]
    },
    "@esbuild/openbsd-x64@0.22.0": {
      "integrity": "sha512-ufjdW5tFJGUjlH9j/5cCE9lrwRffyZh+T4vYvoDKoYsC6IXbwaFeV/ENxeNXcxotF0P8CDzoICXVSbJaGBhkrw==",
      "os": ["openbsd"],
      "cpu": ["x64"]
    },
    "@esbuild/sunos-x64@0.22.0": {
      "integrity": "sha512-zY6ly/AoSmKnmNTowDJsK5ehra153/5ZhqxNLfq9NRsTTltetr+yHHcQ4RW7QDqw4JC8A1uC1YmeSfK9NRcK1w==",
      "os": ["sunos"],
      "cpu": ["x64"]
    },
    "@esbuild/win32-arm64@0.22.0": {
      "integrity": "sha512-Kml5F7tv/1Maam0pbbCrvkk9vj046dPej30kFzlhXnhuCtYYBP6FGy/cLbc5yUT1lkZznGLf2OvuvmLjscO5rw==",
      "os": ["win32"],
      "cpu": ["arm64"]
    },
    "@esbuild/win32-ia32@0.22.0": {
      "integrity": "sha512-IOgwn+mYTM3RrcydP4Og5IpXh+ftN8oF+HELTXSmbWBlujuci4Qa3DTeO+LEErceisI7KUSfEIiX+WOUlpELkw==",
      "os": ["win32"],
      "cpu": ["ia32"]
    },
    "@esbuild/win32-x64@0.22.0": {
      "integrity": "sha512-4bDHJrk2WHBXJPhy1y80X7/5b5iZTZP3LGcKIlAP1J+KqZ4zQAPMLEzftGyjjfcKbA4JDlPt/+2R/F1ZTeRgrw==",
      "os": ["win32"],
      "cpu": ["x64"]
    },
    "@types/node@22.15.14": {
      "integrity": "sha512-BL1eyu/XWsFGTtDWOYULQEs4KR0qdtYfCxYAUYRoB7JP7h9ETYLgQTww6kH8Sj2C0pFGgrpM0XKv6/kbIzYJ1g==",
      "dependencies": [
        "undici-types"
      ]
    },
    "@types/react@19.2.9": {
      "integrity": "sha512-Lpo8kgb/igvMIPeNV2rsYKTgaORYdO1XGVZ4Qz3akwOj0ySGYMPlQWa8BaLn0G63D1aSaAQ5ldR06wCpChQCjA==",
      "dependencies": [
        "csstype"
      ]
    },
    "csstype@3.2.3": {
      "integrity": "sha512-z1HGKcYy2xA8AGQfwrn0PAy+PB7X/GSj3UVJW9qKyn43xWa+gl5nXmU4qqLMRzWVLFC8KusUX8T/0kCiOYpAIQ=="
    },
    "esbuild@0.22.0": {
      "integrity": "sha512-zNYA6bFZsVnsU481FnGAQjLDW0Pl/8BGG7EvAp15RzUvGC+ME7hf1q7LvIfStEQBz/iEHuBJCYcOwPmNCf1Tlw==",
      "optionalDependencies": [
        "@esbuild/aix-ppc64",
        "@esbuild/android-arm",
        "@esbuild/android-arm64",
        "@esbuild/android-x64",
        "@esbuild/darwin-arm64",
        "@esbuild/darwin-x64",
        "@esbuild/freebsd-arm64",
        "@esbuild/freebsd-x64",
        "@esbuild/linux-arm",
        "@esbuild/linux-arm64",
        "@esbuild/linux-ia32",
        "@esbuild/linux-loong64",
        "@esbuild/linux-mips64el",
        "@esbuild/linux-ppc64",
        "@esbuild/linux-riscv64",
        "@esbuild/linux-s390x",
        "@esbuild/linux-x64",
        "@esbuild/netbsd-x64",
        "@esbuild/openbsd-arm64",
        "@esbuild/openbsd-x64",
        "@esbuild/sunos-x64",
        "@esbuild/win32-arm64",
        "@esbuild/win32-ia32",
        "@esbuild/win32-x64"
      ],
      "scripts": true,
      "bin": true
    },
    "react@19.2.3": {
      "integrity": "sha512-Ku/hhYbVjOQnXDZFv2+RibmLFGwFdeeKHFcOTlrt7xplBnya5OGn/hIRDsqDiSUcfORsDC7MPxwork8jBwsIWA=="
    },
    "undici-types@6.21.0": {
      "integrity": "sha512-iwDZqg0QAGrg9Rav5H4n0M64c3mkR59cJ6wQp+7C4nI0gsmExaedaYLNO44eT4AtBBwjbTiGPMlt2Md0T9H9JQ=="
    },
    "zod@3.23.4": {
      "integrity": "sha512-/AtWOKbBgjzEYYQRNfoGKHObgfAZag6qUJX1VbHo2PRBgS+wfWagEY2mizjfyAPcGesrJOcx/wcl0L9WnVrHFw=="
    }
  },
  "redirects": {
    "https://deno.land/x/deno_midi/mod.ts": "https://deno.land/x/deno_midi@v0.1.2/mod.ts"
  },
  "remote": {
    "https://deno.land/std@0.184.0/_util/asserts.ts": "178dfc49a464aee693a7e285567b3d0b555dc805ff490505a8aae34f9cfb1462",
    "https://deno.land/std@0.184.0/_util/os.ts": "d932f56d41e4f6a6093d56044e29ce637f8dcc43c5a90af43504a889cf1775e3",
    "https://deno.land/std@0.184.0/encoding/hex.ts": "b4b1a7cb678745b0bf181ed8cf2498c7be00d121a7de244b752fbf9c7d9c48cd",
    "https://deno.land/std@0.184.0/fmt/colors.ts": "d67e3cd9f472535241a8e410d33423980bec45047e343577554d3356e1f0ef4e",
    "https://deno.land/std@0.184.0/fs/_util.ts": "579038bebc3bd35c43a6a7766f7d91fbacdf44bc03468e9d3134297bb99ed4f9",
    "https://deno.land/std@0.184.0/fs/copy.ts": "14214efd94fc3aa6db1e4af2b4b9578e50f7362b7f3725d5a14ad259a5df26c8",
    "https://deno.land/std@0.184.0/fs/empty_dir.ts": "c3d2da4c7352fab1cf144a1ecfef58090769e8af633678e0f3fabaef98594688",
    "https://deno.land/std@0.184.0/fs/ensure_dir.ts": "dc64c4c75c64721d4e3fb681f1382f803ff3d2868f08563ff923fdd20d071c40",
    "https://deno.land/std@0.184.0/fs/ensure_file.ts": "c38602670bfaf259d86ca824a94e6cb9e5eb73757fefa4ebf43a90dd017d53d9",
    "https://deno.land/std@0.184.0/fs/ensure_link.ts": "c0f5b2f0ec094ed52b9128eccb1ee23362a617457aa0f699b145d4883f5b2fb4",
    "https://deno.land/std@0.184.0/fs/ensure_symlink.ts": "5006ab2f458159c56d689b53b1e48d57e05eeb1eaf64e677f7f76a30bc4fdba1",
    "https://deno.land/std@0.184.0/fs/eol.ts": "f1f2eb348a750c34500741987b21d65607f352cf7205f48f4319d417fff42842",
    "https://deno.land/std@0.184.0/fs/exists.ts": "29c26bca8584a22876be7cb8844f1b6c8fc35e9af514576b78f5c6884d7ed02d",
    "https://deno.land/std@0.184.0/fs/expand_glob.ts": "e4f56259a0a70fe23f05215b00de3ac5e6ba46646ab2a06ebbe9b010f81c972a",
    "https://deno.land/std@0.184.0/fs/mod.ts": "bc3d0acd488cc7b42627044caf47d72019846d459279544e1934418955ba4898",
    "https://deno.land/std@0.184.0/fs/move.ts": "b4f8f46730b40c32ea3c0bc8eb0fd0e8139249a698883c7b3756424cf19785c9",
    "https://deno.land/std@0.184.0/fs/walk.ts": "920be35a7376db6c0b5b1caf1486fb962925e38c9825f90367f8f26b5e5d0897",
    "https://deno.land/std@0.184.0/path/_constants.ts": "e49961f6f4f48039c0dfed3c3f93e963ca3d92791c9d478ac5b43183413136e0",
    "https://deno.land/std@0.184.0/path/_interface.ts": "6471159dfbbc357e03882c2266d21ef9afdb1e4aa771b0545e90db58a0ba314b",
    "https://deno.land/std@0.184.0/path/_util.ts": "d7abb1e0dea065f427b89156e28cdeb32b045870acdf865833ba808a73b576d0",
    "https://deno.land/std@0.184.0/path/common.ts": "ee7505ab01fd22de3963b64e46cff31f40de34f9f8de1fff6a1bd2fe79380000",
    "https://deno.land/std@0.184.0/path/glob.ts": "d479e0a695621c94d3fd7fe7abd4f9499caf32a8de13f25073451c6ef420a4e1",
    "https://deno.land/std@0.184.0/path/mod.ts": "bf718f19a4fdd545aee1b06409ca0805bd1b68ecf876605ce632e932fe54510c",
    "https://deno.land/std@0.184.0/path/posix.ts": "8b7c67ac338714b30c816079303d0285dd24af6b284f7ad63da5b27372a2c94d",
    "https://deno.land/std@0.184.0/path/separator.ts": "0fb679739d0d1d7bf45b68dacfb4ec7563597a902edbaf3c59b50d5bcadd93b1",
    "https://deno.land/std@0.184.0/path/win32.ts": "d186344e5583bcbf8b18af416d13d82b35a317116e6460a5a3953508c3de5bba",
    "https://deno.land/x/deno_midi@v0.1.2/deno.json": "50fd269e8503c49fae0f0351add15230fc88dcb3c3bfd4af2d97f3ec3fb8a6c6",
    "https://deno.land/x/deno_midi@v0.1.2/lib/bindings/rtmidi.ts": "177f5538ba65376c22a2d7de82e6f20141790d689963fe96b4251b4ecb3cca80",
    "https://deno.land/x/deno_midi@v0.1.2/lib/bindings/typeDefinitions.ts": "c9934ffed47151b7c5a99e743a60eccfad20635c23049216801f53d00eb2e4df",
    "https://deno.land/x/deno_midi@v0.1.2/lib/events.ts": "01d771d5093b2133b2b8dbe82966494c496b819fc1d856ce835a1f3f820596d1",
    "https://deno.land/x/deno_midi@v0.1.2/lib/messages.ts": "13f61a0a4d5802fb99ed3d04c2875feda2605734ae686ee88d237197c4d793b1",
    "https://deno.land/x/deno_midi@v0.1.2/lib/midi.ts": "2f1fecc3a5a7789dd990e470404dd8eb1ce870ea1d65bf40f8a3459ba78dc8bf",
    "https://deno.land/x/deno_midi@v0.1.2/lib/utils.ts": "baf732813d85396ec0f928f6f14d8bdc93eadc227e7f26191f781d95fc7642c5",
    "https://deno.land/x/deno_midi@v0.1.2/mod.ts": "89757bdc7e1cd22fa097695841fd49f092c72f6154afb95889af8f77cbabfec9",
    "https://deno.land/x/plug@1.0.2/deps.ts": "36846a478fafaa1d8ca18aafd91584a748aa58de47ad0f45f008881dad82f374",
    "https://deno.land/x/plug@1.0.2/download.ts": "b92bc1c1ae35fdb75828847f1ebfc7e51bf462f339729740e1cffe78384e1509",
    "https://deno.land/x/plug@1.0.2/mod.ts": "32e0006ed6142e7becdb4103c2aa4e1e9ef28459d7243d6cb404a028f7c4eb7e",
    "https://deno.land/x/plug@1.0.2/types.ts": "0490359117c53783138f2b6692a34f85bca9237314ba8cdef8ad682d81218d21",
    "https://deno.land/x/plug@1.0.2/util.ts": "ded3db6e9bb16b8003899d9073fb310e13231ca617b35d6b7dfd53f38762cc76"
  },
  "workspace": {
    "dependencies": [
      "jsr:@hono/hono@*",
      "jsr:@std/assert@1",
      "npm:@types/react@*",
      "npm:react@*"
    ]
  }
}
