{
  "version": "5",
  "specifiers": {
    "jsr:@hono/hono@*": "4.11.5",
    "npm:@types/node@*": "22.15.15"
  },
  "jsr": {
    "@hono/hono@4.11.5": {
      "integrity": "920281ccab7fd57d460ecf49df82ef9ed8cbf1249e55cc9f5d8e3f65c5f7bdfb"
    }
  },
  "npm": {
    "@types/node@22.15.15": {
      "integrity": "sha512-R5muMcZob3/Jjchn5LcO8jdKwSCbzqmPB6ruBxMcf9kbxtniZHP327s6C37iOfuw8mbKK3cAQa7sEl7afLrQ8A==",
      "dependencies": [
        "undici-types"
      ]
    },
    "undici-types@6.21.0": {
      "integrity": "sha512-iwDZqg0QAGrg9Rav5H4n0M64c3mkR59cJ6wQp+7C4nI0gsmExaedaYLNO44eT4AtBBwjbTiGPMlt2Md0T9H9JQ=="
    }
  },
  "workspace": {
    "dependencies": [
      "jsr:@hono/hono@*",
      "jsr:@std/assert@1"
    ]
  }
}
